{
  "version": 4,
  "terraform_version": "1.13.4",
  "serial": 68,
  "lineage": "ca69dbdc-2b12-bad7-897f-88698908a7c6",
  "outputs": {
    "bucket-name": {
      "value": "thedevlearn.site.s3.us-east-1.amazonaws.com",
      "type": "string"
    },
    "domain_validation_options": {
      "value": [
        {
          "domain_name": "thedevlearn.site",
          "resource_record_name": "_436124d3acab893d9a9d2dcee8223c4e.thedevlearn.site.",
          "resource_record_type": "CNAME",
          "resource_record_value": "_7087d6bf16af5608970d0f2db43a1426.zfyfvmchrl.acm-validations.aws."
        },
        {
          "domain_name": "www.thedevlearn.site",
          "resource_record_name": "_c818e4925cba37fe27c2f5b02d632702.www.thedevlearn.site.",
          "resource_record_type": "CNAME",
          "resource_record_value": "_2caee9bf7f053e12ffb6d6e7a6b3e02d.xlfgrmvvlj.acm-validations.aws."
        }
      ],
      "type": [
        "set",
        [
          "object",
          {
            "domain_name": "string",
            "resource_record_name": "string",
            "resource_record_type": "string",
            "resource_record_value": "string"
          }
        ]
      ]
    }
  },
  "resources": [
    {
      "module": "module.acm",
      "mode": "managed",
      "type": "aws_acm_certificate",
      "name": "cert",
      "provider": "provider[\"registry.terraform.io/hashicorp/aws\"]",
      "instances": [
        {
          "schema_version": 0,
          "attributes": {
            "arn": "arn:aws:acm:us-east-1:430118849545:certificate/316c9af0-7156-425a-8c3b-6909da1c0410",
            "certificate_authority_arn": "",
            "certificate_body": null,
            "certificate_chain": null,
            "domain_name": "thedevlearn.site",
            "domain_validation_options": [
              {
                "domain_name": "thedevlearn.site",
                "resource_record_name": "_436124d3acab893d9a9d2dcee8223c4e.thedevlearn.site.",
                "resource_record_type": "CNAME",
                "resource_record_value": "_7087d6bf16af5608970d0f2db43a1426.zfyfvmchrl.acm-validations.aws."
              },
              {
                "domain_name": "www.thedevlearn.site",
                "resource_record_name": "_c818e4925cba37fe27c2f5b02d632702.www.thedevlearn.site.",
                "resource_record_type": "CNAME",
                "resource_record_value": "_2caee9bf7f053e12ffb6d6e7a6b3e02d.xlfgrmvvlj.acm-validations.aws."
              }
            ],
            "early_renewal_duration": "",
            "id": "arn:aws:acm:us-east-1:430118849545:certificate/316c9af0-7156-425a-8c3b-6909da1c0410",
            "key_algorithm": "RSA_2048",
            "not_after": "",
            "not_before": "",
            "options": [
              {
                "certificate_transparency_logging_preference": "ENABLED",
                "export": "DISABLED"
              }
            ],
            "pending_renewal": false,
            "private_key": null,
            "region": "us-east-1",
            "renewal_eligibility": "INELIGIBLE",
            "renewal_summary": [],
            "status": "PENDING_VALIDATION",
            "subject_alternative_names": [
              "thedevlearn.site",
              "www.thedevlearn.site"
            ],
            "tags": null,
            "tags_all": {},
            "type": "AMAZON_ISSUED",
            "validation_emails": [],
            "validation_method": "DNS",
            "validation_option": []
          },
          "sensitive_attributes": [
            [
              {
                "type": "get_attr",
                "value": "private_key"
              }
            ]
          ],
          "identity_schema_version": 0,
          "identity": {
            "arn": "arn:aws:acm:us-east-1:430118849545:certificate/316c9af0-7156-425a-8c3b-6909da1c0410"
          },
          "private": "bnVsbA==",
          "create_before_destroy": true
        }
      ]
    },
    {
      "module": "module.cloudfront",
      "mode": "managed",
      "type": "aws_cloudfront_distribution",
      "name": "s3_distribution_cdn",
      "provider": "provider[\"registry.terraform.io/hashicorp/aws\"]",
      "instances": [
        {
          "schema_version": 1,
          "attributes": {
            "aliases": [
              "thedevlearn.site",
              "www.thedevlearn.site"
            ],
            "anycast_ip_list_id": "",
            "arn": "arn:aws:cloudfront::430118849545:distribution/E3KNYL6R8BBDE4",
            "caller_reference": "terraform-20251026083655889400000002",
            "comment": null,
            "continuous_deployment_policy_id": "",
            "custom_error_response": [],
            "default_cache_behavior": [
              {
                "allowed_methods": [
                  "GET",
                  "HEAD"
                ],
                "cache_policy_id": "",
                "cached_methods": [
                  "GET",
                  "HEAD"
                ],
                "compress": false,
                "default_ttl": 3600,
                "field_level_encryption_id": "",
                "forwarded_values": [
                  {
                    "cookies": [
                      {
                        "forward": "all",
                        "whitelisted_names": []
                      }
                    ],
                    "headers": [],
                    "query_string": false,
                    "query_string_cache_keys": []
                  }
                ],
                "function_association": [],
                "grpc_config": [
                  {
                    "enabled": false
                  }
                ],
                "lambda_function_association": [],
                "max_ttl": 86400,
                "min_ttl": 0,
                "origin_request_policy_id": "",
                "realtime_log_config_arn": "",
                "response_headers_policy_id": "",
                "smooth_streaming": false,
                "target_origin_id": "thedevlearn.site.s3.us-east-1.amazonaws.com",
                "trusted_key_groups": [],
                "trusted_signers": [],
                "viewer_protocol_policy": "redirect-to-https"
              }
            ],
            "default_root_object": "index.html",
            "domain_name": "d1vbiob8grzucz.cloudfront.net",
            "enabled": true,
            "etag": "E1HN3TGNSNEZBK",
            "hosted_zone_id": "Z2FDTNDATAQYW2",
            "http_version": "http2",
            "id": "E3KNYL6R8BBDE4",
            "in_progress_validation_batches": 0,
            "is_ipv6_enabled": true,
            "last_modified_time": "2025-10-26 08:37:09.117 +0000 UTC",
            "logging_config": [],
            "ordered_cache_behavior": [],
            "origin": [
              {
                "connection_attempts": 3,
                "connection_timeout": 10,
                "custom_header": [],
                "custom_origin_config": [],
                "domain_name": "thedevlearn.site.s3.us-east-1.amazonaws.com",
                "origin_access_control_id": "E1H69VDJ4KCMV9",
                "origin_id": "thedevlearn.site.s3.us-east-1.amazonaws.com",
                "origin_path": "",
                "origin_shield": [],
                "response_completion_timeout": 0,
                "s3_origin_config": [],
                "vpc_origin_config": []
              }
            ],
            "origin_group": [],
            "price_class": "PriceClass_All",
            "restrictions": [
              {
                "geo_restriction": [
                  {
                    "locations": [],
                    "restriction_type": "none"
                  }
                ]
              }
            ],
            "retain_on_delete": false,
            "staging": false,
            "status": "Deployed",
            "tags": null,
            "tags_all": {},
            "trusted_key_groups": [
              {
                "enabled": false,
                "items": []
              }
            ],
            "trusted_signers": [
              {
                "enabled": false,
                "items": []
              }
            ],
            "viewer_certificate": [
              {
                "acm_certificate_arn": "arn:aws:acm:us-east-1:430118849545:certificate/316c9af0-7156-425a-8c3b-6909da1c0410",
                "cloudfront_default_certificate": false,
                "iam_certificate_id": "",
                "minimum_protocol_version": "TLSv1.2_2021",
                "ssl_support_method": "sni-only"
              }
            ],
            "wait_for_deployment": true,
            "web_acl_id": ""
          },
          "sensitive_attributes": [],
          "identity_schema_version": 0,
          "private": "eyJzY2hlbWFfdmVyc2lvbiI6IjEifQ==",
          "dependencies": [
            "module.acm.aws_acm_certificate.cert",
            "module.cloudfront.aws_cloudfront_origin_access_control.s3_origin",
            "module.s3_bucket.aws_s3_bucket.static_web_bucket"
          ]
        }
      ]
    },
    {
      "module": "module.cloudfront",
      "mode": "managed",
      "type": "aws_cloudfront_origin_access_control",
      "name": "s3_origin",
      "provider": "provider[\"registry.terraform.io/hashicorp/aws\"]",
      "instances": [
        {
          "schema_version": 0,
          "attributes": {
            "arn": "arn:aws:cloudfront::430118849545:origin-access-control/E1H69VDJ4KCMV9",
            "description": "An origin access control with s3 origin domain",
            "etag": "ETVPDKIKX0DER",
            "id": "E1H69VDJ4KCMV9",
            "name": "st",
            "origin_access_control_origin_type": "s3",
            "signing_behavior": "always",
            "signing_protocol": "sigv4"
          },
          "sensitive_attributes": [],
          "identity_schema_version": 0,
          "private": "bnVsbA=="
        }
      ]
    },
    {
      "module": "module.route53",
      "mode": "data",
      "type": "aws_route53_zone",
      "name": "hosted",
      "provider": "provider[\"registry.terraform.io/hashicorp/aws\"]",
      "instances": [
        {
          "schema_version": 0,
          "attributes": {
            "arn": "arn:aws:route53:::hostedzone/Z0343085149CPP2WJW1GQ",
            "caller_reference": "fad2b279-efbe-4d93-9d9e-2129a1dbfa71",
            "comment": "",
            "id": "Z0343085149CPP2WJW1GQ",
            "linked_service_description": null,
            "linked_service_principal": null,
            "name": "thedevlearn.site",
            "name_servers": [
              "ns-92.awsdns-11.com",
              "ns-1342.awsdns-39.org",
              "ns-2044.awsdns-63.co.uk",
              "ns-655.awsdns-17.net"
            ],
            "primary_name_server": "ns-92.awsdns-11.com",
            "private_zone": false,
            "resource_record_set_count": 3,
            "tags": {},
            "vpc_id": null,
            "zone_id": "Z0343085149CPP2WJW1GQ"
          },
          "sensitive_attributes": [],
          "identity_schema_version": 0
        }
      ]
    },
    {
      "module": "module.route53",
      "mode": "managed",
      "type": "aws_acm_certificate_validation",
      "name": "validate-cert",
      "provider": "provider[\"registry.terraform.io/hashicorp/aws\"]",
      "instances": [
        {
          "schema_version": 0,
          "attributes": {
            "certificate_arn": "arn:aws:acm:us-east-1:430118849545:certificate/316c9af0-7156-425a-8c3b-6909da1c0410",
            "id": "2025-10-26 08:37:08.121 +0000 UTC",
            "region": "us-east-1",
            "timeouts": null,
            "validation_record_fqdns": [
              "_436124d3acab893d9a9d2dcee8223c4e.thedevlearn.site",
              "_c818e4925cba37fe27c2f5b02d632702.www.thedevlearn.site"
            ]
          },
          "sensitive_attributes": [],
          "identity_schema_version": 0,
          "private": "eyJlMmJmYjczMC1lY2FhLTExZTYtOGY4OC0zNDM2M2JjN2M0YzAiOnsiY3JlYXRlIjo0NTAwMDAwMDAwMDAwfX0=",
          "dependencies": [
            "module.acm.aws_acm_certificate.cert",
            "module.route53.aws_route53_record.cert_validation",
            "module.route53.data.aws_route53_zone.hosted"
          ]
        }
      ]
    },
    {
      "module": "module.route53",
      "mode": "managed",
      "type": "aws_route53_record",
      "name": "cdn_domain_name",
      "provider": "provider[\"registry.terraform.io/hashicorp/aws\"]",
      "instances": [
        {
          "schema_version": 2,
          "attributes": {
            "alias": [
              {
                "evaluate_target_health": false,
                "name": "d1vbiob8grzucz.cloudfront.net",
                "zone_id": "Z2FDTNDATAQYW2"
              }
            ],
            "allow_overwrite": null,
            "cidr_routing_policy": [],
            "failover_routing_policy": [],
            "fqdn": "thedevlearn.site",
            "geolocation_routing_policy": [],
            "geoproximity_routing_policy": [],
            "health_check_id": "",
            "id": "Z0343085149CPP2WJW1GQ_thedevlearn.site_A",
            "latency_routing_policy": [],
            "multivalue_answer_routing_policy": false,
            "name": "thedevlearn.site",
            "records": null,
            "set_identifier": "",
            "timeouts": null,
            "ttl": 0,
            "type": "A",
            "weighted_routing_policy": [],
            "zone_id": "Z0343085149CPP2WJW1GQ"
          },
          "sensitive_attributes": [],
          "identity_schema_version": 0,
          "identity": {
            "account_id": "430118849545",
            "name": "thedevlearn.site",
            "set_identifier": null,
            "type": "A",
            "zone_id": "Z0343085149CPP2WJW1GQ"
          },
          "private": "eyJlMmJmYjczMC1lY2FhLTExZTYtOGY4OC0zNDM2M2JjN2M0YzAiOnsiY3JlYXRlIjoxODAwMDAwMDAwMDAwLCJkZWxldGUiOjE4MDAwMDAwMDAwMDAsInVwZGF0ZSI6MTgwMDAwMDAwMDAwMH0sInNjaGVtYV92ZXJzaW9uIjoiMiJ9",
          "dependencies": [
            "module.acm.aws_acm_certificate.cert",
            "module.cloudfront.aws_cloudfront_distribution.s3_distribution_cdn",
            "module.cloudfront.aws_cloudfront_origin_access_control.s3_origin",
            "module.route53.data.aws_route53_zone.hosted",
            "module.s3_bucket.aws_s3_bucket.static_web_bucket"
          ]
        }
      ]
    },
    {
      "module": "module.route53",
      "mode": "managed",
      "type": "aws_route53_record",
      "name": "cert_validation",
      "provider": "provider[\"registry.terraform.io/hashicorp/aws\"]",
      "instances": [
        {
          "index_key": "thedevlearn.site",
          "schema_version": 2,
          "attributes": {
            "alias": [],
            "allow_overwrite": true,
            "cidr_routing_policy": [],
            "failover_routing_policy": [],
            "fqdn": "_436124d3acab893d9a9d2dcee8223c4e.thedevlearn.site",
            "geolocation_routing_policy": [],
            "geoproximity_routing_policy": [],
            "health_check_id": "",
            "id": "Z0343085149CPP2WJW1GQ__436124d3acab893d9a9d2dcee8223c4e.thedevlearn.site._CNAME",
            "latency_routing_policy": [],
            "multivalue_answer_routing_policy": false,
            "name": "_436124d3acab893d9a9d2dcee8223c4e.thedevlearn.site",
            "records": [
              "_7087d6bf16af5608970d0f2db43a1426.zfyfvmchrl.acm-validations.aws."
            ],
            "set_identifier": "",
            "timeouts": null,
            "ttl": 60,
            "type": "CNAME",
            "weighted_routing_policy": [],
            "zone_id": "Z0343085149CPP2WJW1GQ"
          },
          "sensitive_attributes": [],
          "identity_schema_version": 0,
          "identity": {
            "account_id": "430118849545",
            "name": "_436124d3acab893d9a9d2dcee8223c4e.thedevlearn.site.",
            "set_identifier": null,
            "type": "CNAME",
            "zone_id": "Z0343085149CPP2WJW1GQ"
          },
          "private": "eyJlMmJmYjczMC1lY2FhLTExZTYtOGY4OC0zNDM2M2JjN2M0YzAiOnsiY3JlYXRlIjoxODAwMDAwMDAwMDAwLCJkZWxldGUiOjE4MDAwMDAwMDAwMDAsInVwZGF0ZSI6MTgwMDAwMDAwMDAwMH0sInNjaGVtYV92ZXJzaW9uIjoiMiJ9",
          "dependencies": [
            "module.acm.aws_acm_certificate.cert",
            "module.route53.data.aws_route53_zone.hosted"
          ]
        },
        {
          "index_key": "www.thedevlearn.site",
          "schema_version": 2,
          "attributes": {
            "alias": [],
            "allow_overwrite": true,
            "cidr_routing_policy": [],
            "failover_routing_policy": [],
            "fqdn": "_c818e4925cba37fe27c2f5b02d632702.www.thedevlearn.site",
            "geolocation_routing_policy": [],
            "geoproximity_routing_policy": [],
            "health_check_id": "",
            "id": "Z0343085149CPP2WJW1GQ__c818e4925cba37fe27c2f5b02d632702.www.thedevlearn.site._CNAME",
            "latency_routing_policy": [],
            "multivalue_answer_routing_policy": false,
            "name": "_c818e4925cba37fe27c2f5b02d632702.www.thedevlearn.site",
            "records": [
              "_2caee9bf7f053e12ffb6d6e7a6b3e02d.xlfgrmvvlj.acm-validations.aws."
            ],
            "set_identifier": "",
            "timeouts": null,
            "ttl": 60,
            "type": "CNAME",
            "weighted_routing_policy": [],
            "zone_id": "Z0343085149CPP2WJW1GQ"
          },
          "sensitive_attributes": [],
          "identity_schema_version": 0,
          "identity": {
            "account_id": "430118849545",
            "name": "_c818e4925cba37fe27c2f5b02d632702.www.thedevlearn.site.",
            "set_identifier": null,
            "type": "CNAME",
            "zone_id": "Z0343085149CPP2WJW1GQ"
          },
          "private": "eyJlMmJmYjczMC1lY2FhLTExZTYtOGY4OC0zNDM2M2JjN2M0YzAiOnsiY3JlYXRlIjoxODAwMDAwMDAwMDAwLCJkZWxldGUiOjE4MDAwMDAwMDAwMDAsInVwZGF0ZSI6MTgwMDAwMDAwMDAwMH0sInNjaGVtYV92ZXJzaW9uIjoiMiJ9",
          "dependencies": [
            "module.acm.aws_acm_certificate.cert",
            "module.route53.data.aws_route53_zone.hosted"
          ]
        }
      ]
    },
    {
      "module": "module.s3_bucket",
      "mode": "managed",
      "type": "aws_s3_bucket",
      "name": "static_web_bucket",
      "provider": "provider[\"registry.terraform.io/hashicorp/aws\"]",
      "instances": [
        {
          "schema_version": 0,
          "attributes": {
            "acceleration_status": "",
            "acl": null,
            "arn": "arn:aws:s3:::thedevlearn.site",
            "bucket": "thedevlearn.site",
            "bucket_domain_name": "thedevlearn.site.s3.amazonaws.com",
            "bucket_prefix": "",
            "bucket_region": "us-east-1",
            "bucket_regional_domain_name": "thedevlearn.site.s3.us-east-1.amazonaws.com",
            "cors_rule": [],
            "force_destroy": false,
            "grant": [
              {
                "id": "326a1bf8b5f236caf1db2a841089bd61f867a73a5a88be555d52fb888f18f89e",
                "permissions": [
                  "FULL_CONTROL"
                ],
                "type": "CanonicalUser",
                "uri": ""
              }
            ],
            "hosted_zone_id": "Z3AQBSTGFYJSTF",
            "id": "thedevlearn.site",
            "lifecycle_rule": [],
            "logging": [],
            "object_lock_configuration": [],
            "object_lock_enabled": false,
            "policy": "{\"Statement\":[{\"Action\":\"s3:GetObject\",\"Condition\":{\"StringLike\":{\"aws:UserAgent\":\"Amazon CloudFront\"}},\"Effect\":\"Allow\",\"Principal\":{\"Service\":\"cloudfront.amazonaws.com\"},\"Resource\":\"arn:aws:s3:::thedevlearn.site/*\",\"Sid\":\"AllowCloudFrontServicePrincipal\"}],\"Version\":\"2012-10-17\"}",
            "region": "us-east-1",
            "replication_configuration": [],
            "request_payer": "BucketOwner",
            "server_side_encryption_configuration": [
              {
                "rule": [
                  {
                    "apply_server_side_encryption_by_default": [
                      {
                        "kms_master_key_id": "",
                        "sse_algorithm": "AES256"
                      }
                    ],
                    "bucket_key_enabled": false
                  }
                ]
              }
            ],
            "tags": {
              "Environment": "Dev",
              "Name": "My bucket"
            },
            "tags_all": {
              "Environment": "Dev",
              "Name": "My bucket"
            },
            "timeouts": null,
            "versioning": [
              {
                "enabled": false,
                "mfa_delete": false
              }
            ],
            "website": [],
            "website_domain": null,
            "website_endpoint": null
          },
          "sensitive_attributes": [],
          "identity_schema_version": 0,
          "identity": {
            "account_id": "430118849545",
            "bucket": "thedevlearn.site",
            "region": "us-east-1"
          },
          "private": "eyJlMmJmYjczMC1lY2FhLTExZTYtOGY4OC0zNDM2M2JjN2M0YzAiOnsiY3JlYXRlIjoxMjAwMDAwMDAwMDAwLCJkZWxldGUiOjM2MDAwMDAwMDAwMDAsInJlYWQiOjEyMDAwMDAwMDAwMDAsInVwZGF0ZSI6MTIwMDAwMDAwMDAwMH19"
        }
      ]
    },
    {
      "module": "module.s3_bucket",
      "mode": "managed",
      "type": "aws_s3_bucket_policy",
      "name": "cloudfront-oac-policy",
      "provider": "provider[\"registry.terraform.io/hashicorp/aws\"]",
      "instances": [
        {
          "schema_version": 0,
          "attributes": {
            "bucket": "thedevlearn.site",
            "id": "thedevlearn.site",
            "policy": "{\"Statement\":[{\"Action\":\"s3:GetObject\",\"Condition\":{\"StringLike\":{\"aws:UserAgent\":\"Amazon CloudFront\"}},\"Effect\":\"Allow\",\"Principal\":{\"Service\":\"cloudfront.amazonaws.com\"},\"Resource\":\"arn:aws:s3:::thedevlearn.site/*\",\"Sid\":\"AllowCloudFrontServicePrincipal\"}],\"Version\":\"2012-10-17\"}",
            "region": "us-east-1"
          },
          "sensitive_attributes": [],
          "identity_schema_version": 0,
          "identity": {
            "account_id": "430118849545",
            "bucket": "thedevlearn.site",
            "region": "us-east-1"
          },
          "private": "bnVsbA==",
          "dependencies": [
            "module.s3_bucket.aws_s3_bucket.static_web_bucket"
          ]
        }
      ]
    },
    {
      "module": "module.s3_bucket",
      "mode": "managed",
      "type": "aws_s3_object",
      "name": "object",
      "provider": "provider[\"registry.terraform.io/hashicorp/aws\"]",
      "instances": [
        {
          "index_key": "images/computer-desk-stickers.jpg",
          "schema_version": 0,
          "attributes": {
            "acl": null,
            "arn": "arn:aws:s3:::thedevlearn.site/images/computer-desk-stickers.jpg",
            "bucket": "thedevlearn.site",
            "bucket_key_enabled": false,
            "cache_control": "",
            "checksum_algorithm": null,
            "checksum_crc32": "",
            "checksum_crc32c": "",
            "checksum_crc64nvme": "",
            "checksum_sha1": "",
            "checksum_sha256": "",
            "content": null,
            "content_base64": null,
            "content_disposition": "",
            "content_encoding": "",
            "content_language": "",
            "content_type": "image/jpeg",
            "etag": "0233c6dd8fc02474a756e11795c08cc6",
            "force_destroy": false,
            "id": "thedevlearn.site/images/computer-desk-stickers.jpg",
            "key": "images/computer-desk-stickers.jpg",
            "kms_key_id": null,
            "metadata": {},
            "object_lock_legal_hold_status": "",
            "object_lock_mode": "",
            "object_lock_retain_until_date": "",
            "override_provider": [],
            "region": "us-east-1",
            "server_side_encryption": "AES256",
            "source": "../website/images/computer-desk-stickers.jpg",
            "source_hash": null,
            "storage_class": "STANDARD",
            "tags": {},
            "tags_all": {},
            "version_id": "",
            "website_redirect": ""
          },
          "sensitive_attributes": [],
          "identity_schema_version": 0,
          "identity": {
            "account_id": "430118849545",
            "bucket": "thedevlearn.site",
            "key": "images/computer-desk-stickers.jpg",
            "region": "us-east-1"
          },
          "private": "bnVsbA==",
          "dependencies": [
            "module.s3_bucket.aws_s3_bucket.static_web_bucket"
          ]
        },
        {
          "index_key": "images/curved-display-pinky-girl.jpg",
          "schema_version": 0,
          "attributes": {
            "acl": null,
            "arn": "arn:aws:s3:::thedevlearn.site/images/curved-display-pinky-girl.jpg",
            "bucket": "thedevlearn.site",
            "bucket_key_enabled": false,
            "cache_control": "",
            "checksum_algorithm": null,
            "checksum_crc32": "",
            "checksum_crc32c": "",
            "checksum_crc64nvme": "",
            "checksum_sha1": "",
            "checksum_sha256": "",
            "content": null,
            "content_base64": null,
            "content_disposition": "",
            "content_encoding": "",
            "content_language": "",
            "content_type": "image/jpeg",
            "etag": "b5bc2e31772184cbe82be4433d078535",
            "force_destroy": false,
            "id": "thedevlearn.site/images/curved-display-pinky-girl.jpg",
            "key": "images/curved-display-pinky-girl.jpg",
            "kms_key_id": null,
            "metadata": {},
            "object_lock_legal_hold_status": "",
            "object_lock_mode": "",
            "object_lock_retain_until_date": "",
            "override_provider": [],
            "region": "us-east-1",
            "server_side_encryption": "AES256",
            "source": "../website/images/curved-display-pinky-girl.jpg",
            "source_hash": null,
            "storage_class": "STANDARD",
            "tags": {},
            "tags_all": {},
            "version_id": "",
            "website_redirect": ""
          },
          "sensitive_attributes": [],
          "identity_schema_version": 0,
          "identity": {
            "account_id": "430118849545",
            "bucket": "thedevlearn.site",
            "key": "images/curved-display-pinky-girl.jpg",
            "region": "us-east-1"
          },
          "private": "bnVsbA==",
          "dependencies": [
            "module.s3_bucket.aws_s3_bucket.static_web_bucket"
          ]
        },
        {
          "index_key": "images/dashboard-interfaces-transparent-displays.jpg",
          "schema_version": 0,
          "attributes": {
            "acl": null,
            "arn": "arn:aws:s3:::thedevlearn.site/images/dashboard-interfaces-transparent-displays.jpg",
            "bucket": "thedevlearn.site",
            "bucket_key_enabled": false,
            "cache_control": "",
            "checksum_algorithm": null,
            "checksum_crc32": "",
            "checksum_crc32c": "",
            "checksum_crc64nvme": "",
            "checksum_sha1": "",
            "checksum_sha256": "",
            "content": null,
            "content_base64": null,
            "content_disposition": "",
            "content_encoding": "",
            "content_language": "",
            "content_type": "image/jpeg",
            "etag": "33cf939613a7dc666a08712f5cfc7070",
            "force_destroy": false,
            "id": "thedevlearn.site/images/dashboard-interfaces-transparent-displays.jpg",
            "key": "images/dashboard-interfaces-transparent-displays.jpg",
            "kms_key_id": null,
            "metadata": {},
            "object_lock_legal_hold_status": "",
            "object_lock_mode": "",
            "object_lock_retain_until_date": "",
            "override_provider": [],
            "region": "us-east-1",
            "server_side_encryption": "AES256",
            "source": "../website/images/dashboard-interfaces-transparent-displays.jpg",
            "source_hash": null,
            "storage_class": "STANDARD",
            "tags": {},
            "tags_all": {},
            "version_id": "",
            "website_redirect": ""
          },
          "sensitive_attributes": [],
          "identity_schema_version": 0,
          "identity": {
            "account_id": "430118849545",
            "bucket": "thedevlearn.site",
            "key": "images/dashboard-interfaces-transparent-displays.jpg",
            "region": "us-east-1"
          },
          "private": "bnVsbA==",
          "dependencies": [
            "module.s3_bucket.aws_s3_bucket.static_web_bucket"
          ]
        },
        {
          "index_key": "images/marketing-strategy-women.jpg",
          "schema_version": 0,
          "attributes": {
            "acl": null,
            "arn": "arn:aws:s3:::thedevlearn.site/images/marketing-strategy-women.jpg",
            "bucket": "thedevlearn.site",
            "bucket_key_enabled": false,
            "cache_control": "",
            "checksum_algorithm": null,
            "checksum_crc32": "",
            "checksum_crc32c": "",
            "checksum_crc64nvme": "",
            "checksum_sha1": "",
            "checksum_sha256": "",
            "content": null,
            "content_base64": null,
            "content_disposition": "",
            "content_encoding": "",
            "content_language": "",
            "content_type": "image/jpeg",
            "etag": "f129b8ccf8d7cb0993e1f5a1d9444eb4",
            "force_destroy": false,
            "id": "thedevlearn.site/images/marketing-strategy-women.jpg",
            "key": "images/marketing-strategy-women.jpg",
            "kms_key_id": null,
            "metadata": {},
            "object_lock_legal_hold_status": "",
            "object_lock_mode": "",
            "object_lock_retain_until_date": "",
            "override_provider": [],
            "region": "us-east-1",
            "server_side_encryption": "AES256",
            "source": "../website/images/marketing-strategy-women.jpg",
            "source_hash": null,
            "storage_class": "STANDARD",
            "tags": {},
            "tags_all": {},
            "version_id": "",
            "website_redirect": ""
          },
          "sensitive_attributes": [],
          "identity_schema_version": 0,
          "identity": {
            "account_id": "430118849545",
            "bucket": "thedevlearn.site",
            "key": "images/marketing-strategy-women.jpg",
            "region": "us-east-1"
          },
          "private": "bnVsbA==",
          "dependencies": [
            "module.s3_bucket.aws_s3_bucket.static_web_bucket"
          ]
        },
        {
          "index_key": "images/portfolio-website-girl.jpg",
          "schema_version": 0,
          "attributes": {
            "acl": null,
            "arn": "arn:aws:s3:::thedevlearn.site/images/portfolio-website-girl.jpg",
            "bucket": "thedevlearn.site",
            "bucket_key_enabled": false,
            "cache_control": "",
            "checksum_algorithm": null,
            "checksum_crc32": "",
            "checksum_crc32c": "",
            "checksum_crc64nvme": "",
            "checksum_sha1": "",
            "checksum_sha256": "",
            "content": null,
            "content_base64": null,
            "content_disposition": "",
            "content_encoding": "",
            "content_language": "",
            "content_type": "image/jpeg",
            "etag": "5018d5a1573b6f6ac8f3372656e8f2a8",
            "force_destroy": false,
            "id": "thedevlearn.site/images/portfolio-website-girl.jpg",
            "key": "images/portfolio-website-girl.jpg",
            "kms_key_id": null,
            "metadata": {},
            "object_lock_legal_hold_status": "",
            "object_lock_mode": "",
            "object_lock_retain_until_date": "",
            "override_provider": [],
            "region": "us-east-1",
            "server_side_encryption": "AES256",
            "source": "../website/images/portfolio-website-girl.jpg",
            "source_hash": null,
            "storage_class": "STANDARD",
            "tags": {},
            "tags_all": {},
            "version_id": "",
            "website_redirect": ""
          },
          "sensitive_attributes": [],
          "identity_schema_version": 0,
          "identity": {
            "account_id": "430118849545",
            "bucket": "thedevlearn.site",
            "key": "images/portfolio-website-girl.jpg",
            "region": "us-east-1"
          },
          "private": "bnVsbA==",
          "dependencies": [
            "module.s3_bucket.aws_s3_bucket.static_web_bucket"
          ]
        },
        {
          "index_key": "images/smiling-girl-computer-desktop.jpg",
          "schema_version": 0,
          "attributes": {
            "acl": null,
            "arn": "arn:aws:s3:::thedevlearn.site/images/smiling-girl-computer-desktop.jpg",
            "bucket": "thedevlearn.site",
            "bucket_key_enabled": false,
            "cache_control": "",
            "checksum_algorithm": null,
            "checksum_crc32": "",
            "checksum_crc32c": "",
            "checksum_crc64nvme": "",
            "checksum_sha1": "",
            "checksum_sha256": "",
            "content": null,
            "content_base64": null,
            "content_disposition": "",
            "content_encoding": "",
            "content_language": "",
            "content_type": "image/jpeg",
            "etag": "6ff8326e05a9a9c8b69f32077f5e7496",
            "force_destroy": false,
            "id": "thedevlearn.site/images/smiling-girl-computer-desktop.jpg",
            "key": "images/smiling-girl-computer-desktop.jpg",
            "kms_key_id": null,
            "metadata": {},
            "object_lock_legal_hold_status": "",
            "object_lock_mode": "",
            "object_lock_retain_until_date": "",
            "override_provider": [],
            "region": "us-east-1",
            "server_side_encryption": "AES256",
            "source": "../website/images/smiling-girl-computer-desktop.jpg",
            "source_hash": null,
            "storage_class": "STANDARD",
            "tags": {},
            "tags_all": {},
            "version_id": "",
            "website_redirect": ""
          },
          "sensitive_attributes": [],
          "identity_schema_version": 0,
          "identity": {
            "account_id": "430118849545",
            "bucket": "thedevlearn.site",
            "key": "images/smiling-girl-computer-desktop.jpg",
            "region": "us-east-1"
          },
          "private": "bnVsbA==",
          "dependencies": [
            "module.s3_bucket.aws_s3_bucket.static_web_bucket"
          ]
        },
        {
          "index_key": "images/working-business-women.jpg",
          "schema_version": 0,
          "attributes": {
            "acl": null,
            "arn": "arn:aws:s3:::thedevlearn.site/images/working-business-women.jpg",
            "bucket": "thedevlearn.site",
            "bucket_key_enabled": false,
            "cache_control": "",
            "checksum_algorithm": null,
            "checksum_crc32": "",
            "checksum_crc32c": "",
            "checksum_crc64nvme": "",
            "checksum_sha1": "",
            "checksum_sha256": "",
            "content": null,
            "content_base64": null,
            "content_disposition": "",
            "content_encoding": "",
            "content_language": "",
            "content_type": "image/jpeg",
            "etag": "5897fee22449e2663cedd1785c42ec65",
            "force_destroy": false,
            "id": "thedevlearn.site/images/working-business-women.jpg",
            "key": "images/working-business-women.jpg",
            "kms_key_id": null,
            "metadata": {},
            "object_lock_legal_hold_status": "",
            "object_lock_mode": "",
            "object_lock_retain_until_date": "",
            "override_provider": [],
            "region": "us-east-1",
            "server_side_encryption": "AES256",
            "source": "../website/images/working-business-women.jpg",
            "source_hash": null,
            "storage_class": "STANDARD",
            "tags": {},
            "tags_all": {},
            "version_id": "",
            "website_redirect": ""
          },
          "sensitive_attributes": [],
          "identity_schema_version": 0,
          "identity": {
            "account_id": "430118849545",
            "bucket": "thedevlearn.site",
            "key": "images/working-business-women.jpg",
            "region": "us-east-1"
          },
          "private": "bnVsbA==",
          "dependencies": [
            "module.s3_bucket.aws_s3_bucket.static_web_bucket"
          ]
        },
        {
          "index_key": "index.html",
          "schema_version": 0,
          "attributes": {
            "acl": null,
            "arn": "arn:aws:s3:::thedevlearn.site/index.html",
            "bucket": "thedevlearn.site",
            "bucket_key_enabled": false,
            "cache_control": "",
            "checksum_algorithm": null,
            "checksum_crc32": "",
            "checksum_crc32c": "",
            "checksum_crc64nvme": "",
            "checksum_sha1": "",
            "checksum_sha256": "",
            "content": null,
            "content_base64": null,
            "content_disposition": "",
            "content_encoding": "",
            "content_language": "",
            "content_type": "text/html",
            "etag": "a796ae12f6b1ea65e9f56d215d5e813f",
            "force_destroy": false,
            "id": "thedevlearn.site/index.html",
            "key": "index.html",
            "kms_key_id": null,
            "metadata": {},
            "object_lock_legal_hold_status": "",
            "object_lock_mode": "",
            "object_lock_retain_until_date": "",
            "override_provider": [],
            "region": "us-east-1",
            "server_side_encryption": "AES256",
            "source": "../website/index.html",
            "source_hash": null,
            "storage_class": "STANDARD",
            "tags": {},
            "tags_all": {},
            "version_id": "",
            "website_redirect": ""
          },
          "sensitive_attributes": [],
          "identity_schema_version": 0,
          "identity": {
            "account_id": "430118849545",
            "bucket": "thedevlearn.site",
            "key": "index.html",
            "region": "us-east-1"
          },
          "private": "bnVsbA==",
          "dependencies": [
            "module.s3_bucket.aws_s3_bucket.static_web_bucket"
          ]
        },
        {
          "index_key": "templatemo-personal-javascripts.js",
          "schema_version": 0,
          "attributes": {
            "acl": null,
            "arn": "arn:aws:s3:::thedevlearn.site/templatemo-personal-javascripts.js",
            "bucket": "thedevlearn.site",
            "bucket_key_enabled": false,
            "cache_control": "",
            "checksum_algorithm": null,
            "checksum_crc32": "",
            "checksum_crc32c": "",
            "checksum_crc64nvme": "",
            "checksum_sha1": "",
            "checksum_sha256": "",
            "content": null,
            "content_base64": null,
            "content_disposition": "",
            "content_encoding": "",
            "content_language": "",
            "content_type": "application/javascript",
            "etag": "b0bda26d8d1c486fa5d3ad25722937a3",
            "force_destroy": false,
            "id": "thedevlearn.site/templatemo-personal-javascripts.js",
            "key": "templatemo-personal-javascripts.js",
            "kms_key_id": null,
            "metadata": {},
            "object_lock_legal_hold_status": "",
            "object_lock_mode": "",
            "object_lock_retain_until_date": "",
            "override_provider": [],
            "region": "us-east-1",
            "server_side_encryption": "AES256",
            "source": "../website/templatemo-personal-javascripts.js",
            "source_hash": null,
            "storage_class": "STANDARD",
            "tags": {},
            "tags_all": {},
            "version_id": "",
            "website_redirect": ""
          },
          "sensitive_attributes": [],
          "identity_schema_version": 0,
          "identity": {
            "account_id": "430118849545",
            "bucket": "thedevlearn.site",
            "key": "templatemo-personal-javascripts.js",
            "region": "us-east-1"
          },
          "private": "bnVsbA==",
          "dependencies": [
            "module.s3_bucket.aws_s3_bucket.static_web_bucket"
          ]
        },
        {
          "index_key": "templatemo-personal-style.css",
          "schema_version": 0,
          "attributes": {
            "acl": null,
            "arn": "arn:aws:s3:::thedevlearn.site/templatemo-personal-style.css",
            "bucket": "thedevlearn.site",
            "bucket_key_enabled": false,
            "cache_control": "",
            "checksum_algorithm": null,
            "checksum_crc32": "",
            "checksum_crc32c": "",
            "checksum_crc64nvme": "",
            "checksum_sha1": "",
            "checksum_sha256": "",
            "content": null,
            "content_base64": null,
            "content_disposition": "",
            "content_encoding": "",
            "content_language": "",
            "content_type": "text/css",
            "etag": "0068a00bbee0d8225de638ede24c8134",
            "force_destroy": false,
            "id": "thedevlearn.site/templatemo-personal-style.css",
            "key": "templatemo-personal-style.css",
            "kms_key_id": null,
            "metadata": {},
            "object_lock_legal_hold_status": "",
            "object_lock_mode": "",
            "object_lock_retain_until_date": "",
            "override_provider": [],
            "region": "us-east-1",
            "server_side_encryption": "AES256",
            "source": "../website/templatemo-personal-style.css",
            "source_hash": null,
            "storage_class": "STANDARD",
            "tags": {},
            "tags_all": {},
            "version_id": "",
            "website_redirect": ""
          },
          "sensitive_attributes": [],
          "identity_schema_version": 0,
          "identity": {
            "account_id": "430118849545",
            "bucket": "thedevlearn.site",
            "key": "templatemo-personal-style.css",
            "region": "us-east-1"
          },
          "private": "bnVsbA==",
          "dependencies": [
            "module.s3_bucket.aws_s3_bucket.static_web_bucket"
          ]
        }
      ]
    }
  ],
  "check_results": null
}
